
Microsoft Visual Studio Solution File, Format Version 12.00
# Visual Studio Version 16
VisualStudioVersion = 16.0.30804.86
MinimumVisualStudioVersion = 10.0.40219.1
Project("{FAE04EC0-301F-11D3-BF4B-00C04F79EFBC}") = "Reposicion", "Reposicion\Reposicion.csproj", "{99196E1F-3B83-44F9-9B52-EC3AC665DA13}"
EndProject
Global
	GlobalSection(SolutionConfigurationPlatforms) = preSolution
		Debug|Any CPU = Debug|Any CPU
		Release|Any CPU = Release|Any CPU
	EndGlobalSection
	GlobalSection(ProjectConfigurationPlatforms) = postSolution
		{99196E1F-3B83-44F9-9B52-EC3AC665DA13}.Debug|Any CPU.ActiveCfg = Debug|Any CPU
		{99196E1F-3B83-44F9-9B52-EC3AC665DA13}.Debug|Any CPU.Build.0 = Debug|Any CPU
		{99196E1F-3B83-44F9-9B52-EC3AC665DA13}.Release|Any CPU.ActiveCfg = Release|Any CPU
		{99196E1F-3B83-44F9-9B52-EC3AC665DA13}.Release|Any CPU.Build.0 = Release|Any CPU
	EndGlobalSection
	GlobalSection(SolutionProperties) = preSolution
		HideSolutionNode = FALSE
	EndGlobalSection
	GlobalSection(ExtensibilityGlobals) = postSolution
		SolutionGuid = {C673EA3C-AAF2-445C-8BBE-9E862A93768D}
	EndGlobalSection
EndGlobal
